
Microsoft Visual Studio Solution File, Format Version 12.00
# Visual Studio Version 17
VisualStudioVersion = 17.1.32228.430
MinimumVisualStudioVersion = 10.0.40219.1
Project("{FAE04EC0-301F-11D3-BF4B-00C04F79EFBC}") = "Lab06.Android", "Lab06\Lab06.Android\Lab06.Android.csproj", "{0C850F98-C1B4-4243-A644-0AE35CD9BDC2}"
EndProject
Project("{FAE04EC0-301F-11D3-BF4B-00C04F79EFBC}") = "Lab06.iOS", "Lab06\Lab06.iOS\Lab06.iOS.csproj", "{5E3B7764-A54E-4407-9E15-1C860A3F0D61}"
EndProject
Project("{FAE04EC0-301F-11D3-BF4B-00C04F79EFBC}") = "Lab06", "Lab06\Lab06\Lab06.csproj", "{5D5D815C-90C6-4128-84C0-BFF79C887789}"
EndProject
Global
	GlobalSection(SolutionConfigurationPlatforms) = preSolution
		Debug|Any CPU = Debug|Any CPU
		Debug|iPhone = Debug|iPhone
		Debug|iPhoneSimulator = Debug|iPhoneSimulator
		Release|Any CPU = Release|Any CPU
		Release|iPhone = Release|iPhone
		Release|iPhoneSimulator = Release|iPhoneSimulator
	EndGlobalSection
	GlobalSection(ProjectConfigurationPlatforms) = postSolution
		{0C850F98-C1B4-4243-A644-0AE35CD9BDC2}.Debug|Any CPU.ActiveCfg = Debug|Any CPU
		{0C850F98-C1B4-4243-A644-0AE35CD9BDC2}.Debug|Any CPU.Build.0 = Debug|Any CPU
		{0C850F98-C1B4-4243-A644-0AE35CD9BDC2}.Debug|Any CPU.Deploy.0 = Debug|Any CPU
		{0C850F98-C1B4-4243-A644-0AE35CD9BDC2}.Debug|iPhone.ActiveCfg = Debug|Any CPU
		{0C850F98-C1B4-4243-A644-0AE35CD9BDC2}.Debug|iPhone.Build.0 = Debug|Any CPU
		{0C850F98-C1B4-4243-A644-0AE35CD9BDC2}.Debug|iPhone.Deploy.0 = Debug|Any CPU
		{0C850F98-C1B4-4243-A644-0AE35CD9BDC2}.Debug|iPhoneSimulator.ActiveCfg = Debug|Any CPU
		{0C850F98-C1B4-4243-A644-0AE35CD9BDC2}.Debug|iPhoneSimulator.Build.0 = Debug|Any CPU
		{0C850F98-C1B4-4243-A644-0AE35CD9BDC2}.Debug|iPhoneSimulator.Deploy.0 = Debug|Any CPU
		{0C850F98-C1B4-4243-A644-0AE35CD9BDC2}.Release|Any CPU.ActiveCfg = Release|Any CPU
		{0C850F98-C1B4-4243-A644-0AE35CD9BDC2}.Release|Any CPU.Build.0 = Release|Any CPU
		{0C850F98-C1B4-4243-A644-0AE35CD9BDC2}.Release|Any CPU.Deploy.0 = Release|Any CPU
		{0C850F98-C1B4-4243-A644-0AE35CD9BDC2}.Release|iPhone.ActiveCfg = Release|Any CPU
		{0C850F98-C1B4-4243-A644-0AE35CD9BDC2}.Release|iPhone.Build.0 = Release|Any CPU
		{0C850F98-C1B4-4243-A644-0AE35CD9BDC2}.Release|iPhone.Deploy.0 = Release|Any CPU
		{0C850F98-C1B4-4243-A644-0AE35CD9BDC2}.Release|iPhoneSimulator.ActiveCfg = Release|Any CPU
		{0C850F98-C1B4-4243-A644-0AE35CD9BDC2}.Release|iPhoneSimulator.Build.0 = Release|Any CPU
		{0C850F98-C1B4-4243-A644-0AE35CD9BDC2}.Release|iPhoneSimulator.Deploy.0 = Release|Any CPU
		{5E3B7764-A54E-4407-9E15-1C860A3F0D61}.Debug|Any CPU.ActiveCfg = Debug|iPhone
		{5E3B7764-A54E-4407-9E15-1C860A3F0D61}.Debug|Any CPU.Build.0 = Debug|iPhone
		{5E3B7764-A54E-4407-9E15-1C860A3F0D61}.Debug|Any CPU.Deploy.0 = Debug|iPhone
		{5E3B7764-A54E-4407-9E15-1C860A3F0D61}.Debug|iPhone.ActiveCfg = Debug|iPhone
		{5E3B7764-A54E-4407-9E15-1C860A3F0D61}.Debug|iPhone.Build.0 = Debug|iPhone
		{5E3B7764-A54E-4407-9E15-1C860A3F0D61}.Debug|iPhone.Deploy.0 = Debug|iPhone
		{5E3B7764-A54E-4407-9E15-1C860A3F0D61}.Debug|iPhoneSimulator.ActiveCfg = Debug|iPhoneSimulator
		{5E3B7764-A54E-4407-9E15-1C860A3F0D61}.Debug|iPhoneSimulator.Build.0 = Debug|iPhoneSimulator
		{5E3B7764-A54E-4407-9E15-1C860A3F0D61}.Debug|iPhoneSimulator.Deploy.0 = Debug|iPhoneSimulator
		{5E3B7764-A54E-4407-9E15-1C860A3F0D61}.Release|Any CPU.ActiveCfg = Release|iPhoneSimulator
		{5E3B7764-A54E-4407-9E15-1C860A3F0D61}.Release|Any CPU.Build.0 = Release|iPhoneSimulator
		{5E3B7764-A54E-4407-9E15-1C860A3F0D61}.Release|Any CPU.Deploy.0 = Release|iPhoneSimulator
		{5E3B7764-A54E-4407-9E15-1C860A3F0D61}.Release|iPhone.ActiveCfg = Release|iPhone
		{5E3B7764-A54E-4407-9E15-1C860A3F0D61}.Release|iPhone.Build.0 = Release|iPhone
		{5E3B7764-A54E-4407-9E15-1C860A3F0D61}.Release|iPhone.Deploy.0 = Release|iPhone
		{5E3B7764-A54E-4407-9E15-1C860A3F0D61}.Release|iPhoneSimulator.ActiveCfg = Release|iPhoneSimulator
		{5E3B7764-A54E-4407-9E15-1C860A3F0D61}.Release|iPhoneSimulator.Build.0 = Release|iPhoneSimulator
		{5E3B7764-A54E-4407-9E15-1C860A3F0D61}.Release|iPhoneSimulator.Deploy.0 = Release|iPhoneSimulator
		{5D5D815C-90C6-4128-84C0-BFF79C887789}.Debug|Any CPU.ActiveCfg = Debug|Any CPU
		{5D5D815C-90C6-4128-84C0-BFF79C887789}.Debug|Any CPU.Build.0 = Debug|Any CPU
		{5D5D815C-90C6-4128-84C0-BFF79C887789}.Debug|Any CPU.Deploy.0 = Debug|Any CPU
		{5D5D815C-90C6-4128-84C0-BFF79C887789}.Debug|iPhone.ActiveCfg = Debug|Any CPU
		{5D5D815C-90C6-4128-84C0-BFF79C887789}.Debug|iPhone.Build.0 = Debug|Any CPU
		{5D5D815C-90C6-4128-84C0-BFF79C887789}.Debug|iPhone.Deploy.0 = Debug|Any CPU
		{5D5D815C-90C6-4128-84C0-BFF79C887789}.Debug|iPhoneSimulator.ActiveCfg = Debug|Any CPU
		{5D5D815C-90C6-4128-84C0-BFF79C887789}.Debug|iPhoneSimulator.Build.0 = Debug|Any CPU
		{5D5D815C-90C6-4128-84C0-BFF79C887789}.Debug|iPhoneSimulator.Deploy.0 = Debug|Any CPU
		{5D5D815C-90C6-4128-84C0-BFF79C887789}.Release|Any CPU.ActiveCfg = Release|Any CPU
		{5D5D815C-90C6-4128-84C0-BFF79C887789}.Release|Any CPU.Build.0 = Release|Any CPU
		{5D5D815C-90C6-4128-84C0-BFF79C887789}.Release|Any CPU.Deploy.0 = Release|Any CPU
		{5D5D815C-90C6-4128-84C0-BFF79C887789}.Release|iPhone.ActiveCfg = Release|Any CPU
		{5D5D815C-90C6-4128-84C0-BFF79C887789}.Release|iPhone.Build.0 = Release|Any CPU
		{5D5D815C-90C6-4128-84C0-BFF79C887789}.Release|iPhone.Deploy.0 = Release|Any CPU
		{5D5D815C-90C6-4128-84C0-BFF79C887789}.Release|iPhoneSimulator.ActiveCfg = Release|Any CPU
		{5D5D815C-90C6-4128-84C0-BFF79C887789}.Release|iPhoneSimulator.Build.0 = Release|Any CPU
		{5D5D815C-90C6-4128-84C0-BFF79C887789}.Release|iPhoneSimulator.Deploy.0 = Release|Any CPU
	EndGlobalSection
	GlobalSection(SolutionProperties) = preSolution
		HideSolutionNode = FALSE
	EndGlobalSection
	GlobalSection(ExtensibilityGlobals) = postSolution
		SolutionGuid = {92F65752-258A-43C1-B00D-C211054D1717}
	EndGlobalSection
EndGlobal
